// !$*UTF8*$!
{
	archiveVersion = 1;
	classes = {
	};
	objectVersion = 77;
	objects = {

/* Begin PBXBuildFile section */
		04C7B162FF22F6EA8E077B2F /* RefillApp.swift in Sources */ = {isa = PBXBuildFile; fileRef = 06FD8667A5E8F1067A5309EC /* RefillApp.swift */; };
		0742ADFFCD481D881597FCCA /* HistoryStore.swift in Sources */ = {isa = PBXBuildFile; fileRef = FA0B8A08ED4EB63A175F8F6A /* HistoryStore.swift */; };
		0825768AF8927CC64712419E /* Integrations.swift in Sources */ = {isa = PBXBuildFile; fileRef = 8A1C1E00942E87392841353A /* Integrations.swift */; };
		0D8D9EDDDF6A5DBD1EB6A847 /* Signals.swift in Sources */ = {isa = PBXBuildFile; fileRef = D226051F057CD6BF7ABC1981 /* Signals.swift */; };
		13F895EAE28F2528D217B65A /* WidgetKit.framework in Frameworks */ = {isa = PBXBuildFile; fileRef = 952D292CA573B8A59117ACE3 /* WidgetKit.framework */; };
		1841248FEB7F4E3D2341035B /* AppBootstrap.swift in Sources */ = {isa = PBXBuildFile; fileRef = 1F60036F76AFC7F4739D40F0 /* AppBootstrap.swift */; };
		1E825AA0856AB10948865AD4 /* NotchView.swift in Sources */ = {isa = PBXBuildFile; fileRef = 3CAD7627EF4B448282A2C309 /* NotchView.swift */; };
		2A8B74651D5431B15AB47E15 /* Theme.swift in Sources */ = {isa = PBXBuildFile; fileRef = F0DBA9778D402262A3D57191 /* Theme.swift */; };
		3741AF423C550F6FEBF9676C /* Intents.swift in Sources */ = {isa = PBXBuildFile; fileRef = 79A50903B2DD2BFF34AB0515 /* Intents.swift */; };
		40F10EDA168FFDD47FDE41EA /* PreviewRender.swift in Sources */ = {isa = PBXBuildFile; fileRef = F468F308F50583D6C434C201 /* PreviewRender.swift */; };
		444912A937F4B76A69FA7BB1 /* CodexProvider.swift in Sources */ = {isa = PBXBuildFile; fileRef = C9EFD5C9550EBBDF59092D42 /* CodexProvider.swift */; };
		44C60A058D64E43F7BADC1EE /* Voice.swift in Sources */ = {isa = PBXBuildFile; fileRef = 3FD8AA79DCF1649FB5826371 /* Voice.swift */; };
		4B2922B89FAF4F0881BA7487 /* PreviewIcon.swift in Sources */ = {isa = PBXBuildFile; fileRef = F9AAA40D9D5A424D0442388A /* PreviewIcon.swift */; };
		5D61AB41DE11CA045BD6FE67 /* NotchShape.swift in Sources */ = {isa = PBXBuildFile; fileRef = FC3AFD202A862D81B43A9480 /* NotchShape.swift */; };
		5E40BFC3FDD1ACA63DCC5908 /* StatusReader.swift in Sources */ = {isa = PBXBuildFile; fileRef = DC79747EAD6B7666304AEFCD /* StatusReader.swift */; };
		5EC9F86FA58C0D22CC1F92BD /* QRCode.swift in Sources */ = {isa = PBXBuildFile; fileRef = 95BD5BAA5719BED84BC8CB7C /* QRCode.swift */; };
		606C7A9569FDA802371B7572 /* ClaudeProvider.swift in Sources */ = {isa = PBXBuildFile; fileRef = 79501254EC24383815943704 /* ClaudeProvider.swift */; };
		63D14C17F545BC5A4EC2E708 /* LoginItem.swift in Sources */ = {isa = PBXBuildFile; fileRef = A85F3EB03F43B4D664907A44 /* LoginItem.swift */; };
		675D334563F344F50F23D219 /* SwiftUI.framework in Frameworks */ = {isa = PBXBuildFile; fileRef = B955C68DAEE8697449C45451 /* SwiftUI.framework */; };
		6A7D92879F4AE28B152F4730 /* Dashboard.swift in Sources */ = {isa = PBXBuildFile; fileRef = A24F9BD23D6C1F82BC28C8F1 /* Dashboard.swift */; };
		7422580409C2442F8AF5EA34 /* Mascot.swift in Sources */ = {isa = PBXBuildFile; fileRef = 2A25CC6EAE8839540E1D547B /* Mascot.swift */; };
		79884DBEA4AD6EC11BE43F3F /* Assets.xcassets in Resources */ = {isa = PBXBuildFile; fileRef = 6A75D91DE417016A3539B00A /* Assets.xcassets */; };
		885E54A18015E1EF217CA785 /* HistoryView.swift in Sources */ = {isa = PBXBuildFile; fileRef = 8844531511DC9E99CF474951 /* HistoryView.swift */; };
		8C29E98CCDFEA64150818AD8 /* Voice.swift in Sources */ = {isa = PBXBuildFile; fileRef = 3FD8AA79DCF1649FB5826371 /* Voice.swift */; };
		8D79254931411B60F1663FF0 /* AccountAdder.swift in Sources */ = {isa = PBXBuildFile; fileRef = A80C629851DB02CA3C21AE8D /* AccountAdder.swift */; };
		8FD1A109E0ABD0F50275EAAF /* OnboardingSteps2.swift in Sources */ = {isa = PBXBuildFile; fileRef = 438352A73BBF4BA24237113B /* OnboardingSteps2.swift */; };
		9D1170001338A21E1C3A801D /* Monitor.swift in Sources */ = {isa = PBXBuildFile; fileRef = BE71CB6DCB80F835EEC7D3CD /* Monitor.swift */; };
		9DBE0F64207FC9693A617611 /* SharedStatus.swift in Sources */ = {isa = PBXBuildFile; fileRef = D8209483BFC56EE588538321 /* SharedStatus.swift */; };
		A60F8C96884C5247284426C7 /* Hooks.swift in Sources */ = {isa = PBXBuildFile; fileRef = 78771DDC20C311B9A9D70868 /* Hooks.swift */; };
		A6DF80AB6F97A920F543DB87 /* RefillWidgets.appex in Embed Foundation Extensions */ = {isa = PBXBuildFile; fileRef = AB1BCE79DE765578A34D1386 /* RefillWidgets.appex */; settings = {ATTRIBUTES = (RemoveHeadersOnCopy, ); }; };
		AF086B6AD4744D08481D43B5 /* RefillWidgets.swift in Sources */ = {isa = PBXBuildFile; fileRef = F569CDD2531BB8166C02EF45 /* RefillWidgets.swift */; };
		B02C434C50515395384FEB69 /* StatusServer.swift in Sources */ = {isa = PBXBuildFile; fileRef = ECF776AE537352C48AC618BD /* StatusServer.swift */; };
		B547D0460E395669C563E013 /* WidgetKit.framework in Frameworks */ = {isa = PBXBuildFile; fileRef = 952D292CA573B8A59117ACE3 /* WidgetKit.framework */; };
		B7939CF7602D721CA2560754 /* Mascot.swift in Sources */ = {isa = PBXBuildFile; fileRef = 2A25CC6EAE8839540E1D547B /* Mascot.swift */; };
		C68AAE9E3EC0C2A6D8185A7F /* SettingsView.swift in Sources */ = {isa = PBXBuildFile; fileRef = 43E50AC320DA06408251E0F7 /* SettingsView.swift */; };
		D47CE982061A3DC2D9C555A9 /* Models.swift in Sources */ = {isa = PBXBuildFile; fileRef = F406EE6044650C6B9FF4641C /* Models.swift */; };
		DB54CF51D1DDED4F0F928E19 /* OnboardingSteps.swift in Sources */ = {isa = PBXBuildFile; fileRef = 8D0CA3696994425CA6F84576 /* OnboardingSteps.swift */; };
		DDB0B62B21CDD33FA5D686A3 /* Models.swift in Sources */ = {isa = PBXBuildFile; fileRef = F406EE6044650C6B9FF4641C /* Models.swift */; };
		DF7EC2D9F0A03696416AE54A /* OnboardingView.swift in Sources */ = {isa = PBXBuildFile; fileRef = 7D410A3D5F4CD9E4AC2D68D6 /* OnboardingView.swift */; };
		EC60A9B7D0DEB158797E7D7B /* BurnRate.swift in Sources */ = {isa = PBXBuildFile; fileRef = 7EFF4F5A104597D801D51B09 /* BurnRate.swift */; };
		EE3E7693BCDBE1DCDFA548B9 /* SharedStatus.swift in Sources */ = {isa = PBXBuildFile; fileRef = D8209483BFC56EE588538321 /* SharedStatus.swift */; };
		F22DF313511593651F27F20C /* NotchController.swift in Sources */ = {isa = PBXBuildFile; fileRef = 6AC608810E756EA5A072D8FE /* NotchController.swift */; };
		F525FFBBFCA6DAF38D504FD3 /* URLRouter.swift in Sources */ = {isa = PBXBuildFile; fileRef = 697F3D5FBB5A9080DB1F80A9 /* URLRouter.swift */; };
		FD927DC265C8FA2E91FE14EF /* Theme.swift in Sources */ = {isa = PBXBuildFile; fileRef = F0DBA9778D402262A3D57191 /* Theme.swift */; };
/* End PBXBuildFile section */

/* Begin PBXContainerItemProxy section */
		0FE9DD232094AFC3C5149F7A /* PBXContainerItemProxy */ = {
			isa = PBXContainerItemProxy;
			containerPortal = A94777202E43CC67154D01A2 /* Project object */;
			proxyType = 1;
			remoteGlobalIDString = F6C4D49FDE5ECA54A9B92B7B;
			remoteInfo = RefillWidgets;
		};
/* End PBXContainerItemProxy section */

/* Begin PBXCopyFilesBuildPhase section */
		A74BB80AECE6840F750C1C43 /* Embed Foundation Extensions */ = {
			isa = PBXCopyFilesBuildPhase;
			buildActionMask = 2147483647;
			dstPath = "";
			dstSubfolderSpec = 13;
			files = (
				A6DF80AB6F97A920F543DB87 /* RefillWidgets.appex in Embed Foundation Extensions */,
			);
			name = "Embed Foundation Extensions";
			runOnlyForDeploymentPostprocessing = 0;
		};
/* End PBXCopyFilesBuildPhase section */

/* Begin PBXFileReference section */
		06FD8667A5E8F1067A5309EC /* RefillApp.swift */ = {isa = PBXFileReference; lastKnownFileType = sourcecode.swift; path = RefillApp.swift; sourceTree = "<group>"; };
		11645D97A80FEC0C90D184DF /* Refill.app */ = {isa = PBXFileReference; explicitFileType = wrapper.application; includeInIndex = 0; path = Refill.app; sourceTree = BUILT_PRODUCTS_DIR; };
		1F60036F76AFC7F4739D40F0 /* AppBootstrap.swift */ = {isa = PBXFileReference; lastKnownFileType = sourcecode.swift; path = AppBootstrap.swift; sourceTree = "<group>"; };
		2A25CC6EAE8839540E1D547B /* Mascot.swift */ = {isa = PBXFileReference; lastKnownFileType = sourcecode.swift; path = Mascot.swift; sourceTree = "<group>"; };
		3CAD7627EF4B448282A2C309 /* NotchView.swift */ = {isa = PBXFileReference; lastKnownFileType = sourcecode.swift; path = NotchView.swift; sourceTree = "<group>"; };
		3FD8AA79DCF1649FB5826371 /* Voice.swift */ = {isa = PBXFileReference; lastKnownFileType = sourcecode.swift; path = Voice.swift; sourceTree = "<group>"; };
		438352A73BBF4BA24237113B /* OnboardingSteps2.swift */ = {isa = PBXFileReference; lastKnownFileType = sourcecode.swift; path = OnboardingSteps2.swift; sourceTree = "<group>"; };
		43E50AC320DA06408251E0F7 /* SettingsView.swift */ = {isa = PBXFileReference; lastKnownFileType = sourcecode.swift; path = SettingsView.swift; sourceTree = "<group>"; };
		697F3D5FBB5A9080DB1F80A9 /* URLRouter.swift */ = {isa = PBXFileReference; lastKnownFileType = sourcecode.swift; path = URLRouter.swift; sourceTree = "<group>"; };
		6A75D91DE417016A3539B00A /* Assets.xcassets */ = {isa = PBXFileReference; lastKnownFileType = folder.assetcatalog; path = Assets.xcassets; sourceTree = "<group>"; };
		6AC608810E756EA5A072D8FE /* NotchController.swift */ = {isa = PBXFileReference; lastKnownFileType = sourcecode.swift; path = NotchController.swift; sourceTree = "<group>"; };
		78771DDC20C311B9A9D70868 /* Hooks.swift */ = {isa = PBXFileReference; lastKnownFileType = sourcecode.swift; path = Hooks.swift; sourceTree = "<group>"; };
		79501254EC24383815943704 /* ClaudeProvider.swift */ = {isa = PBXFileReference; lastKnownFileType = sourcecode.swift; path = ClaudeProvider.swift; sourceTree = "<group>"; };
		79A50903B2DD2BFF34AB0515 /* Intents.swift */ = {isa = PBXFileReference; lastKnownFileType = sourcecode.swift; path = Intents.swift; sourceTree = "<group>"; };
		7D410A3D5F4CD9E4AC2D68D6 /* OnboardingView.swift */ = {isa = PBXFileReference; lastKnownFileType = sourcecode.swift; path = OnboardingView.swift; sourceTree = "<group>"; };
		7EFF4F5A104597D801D51B09 /* BurnRate.swift */ = {isa = PBXFileReference; lastKnownFileType = sourcecode.swift; path = BurnRate.swift; sourceTree = "<group>"; };
		8844531511DC9E99CF474951 /* HistoryView.swift */ = {isa = PBXFileReference; lastKnownFileType = sourcecode.swift; path = HistoryView.swift; sourceTree = "<group>"; };
		8A1C1E00942E87392841353A /* Integrations.swift */ = {isa = PBXFileReference; lastKnownFileType = sourcecode.swift; path = Integrations.swift; sourceTree = "<group>"; };
		8D0CA3696994425CA6F84576 /* OnboardingSteps.swift */ = {isa = PBXFileReference; lastKnownFileType = sourcecode.swift; path = OnboardingSteps.swift; sourceTree = "<group>"; };
		952D292CA573B8A59117ACE3 /* WidgetKit.framework */ = {isa = PBXFileReference; lastKnownFileType = wrapper.framework; name = WidgetKit.framework; path = System/Library/Frameworks/WidgetKit.framework; sourceTree = SDKROOT; };
		95BD5BAA5719BED84BC8CB7C /* QRCode.swift */ = {isa = PBXFileReference; lastKnownFileType = sourcecode.swift; path = QRCode.swift; sourceTree = "<group>"; };
		A24F9BD23D6C1F82BC28C8F1 /* Dashboard.swift */ = {isa = PBXFileReference; lastKnownFileType = sourcecode.swift; path = Dashboard.swift; sourceTree = "<group>"; };
		A80C629851DB02CA3C21AE8D /* AccountAdder.swift */ = {isa = PBXFileReference; lastKnownFileType = sourcecode.swift; path = AccountAdder.swift; sourceTree = "<group>"; };
		A85F3EB03F43B4D664907A44 /* LoginItem.swift */ = {isa = PBXFileReference; lastKnownFileType = sourcecode.swift; path = LoginItem.swift; sourceTree = "<group>"; };
		AB1BCE79DE765578A34D1386 /* RefillWidgets.appex */ = {isa = PBXFileReference; explicitFileType = "wrapper.app-extension"; includeInIndex = 0; path = RefillWidgets.appex; sourceTree = BUILT_PRODUCTS_DIR; };
		B955C68DAEE8697449C45451 /* SwiftUI.framework */ = {isa = PBXFileReference; lastKnownFileType = wrapper.framework; name = SwiftUI.framework; path = System/Library/Frameworks/SwiftUI.framework; sourceTree = SDKROOT; };
		BE71CB6DCB80F835EEC7D3CD /* Monitor.swift */ = {isa = PBXFileReference; lastKnownFileType = sourcecode.swift; path = Monitor.swift; sourceTree = "<group>"; };
		C9EFD5C9550EBBDF59092D42 /* CodexProvider.swift */ = {isa = PBXFileReference; lastKnownFileType = sourcecode.swift; path = CodexProvider.swift; sourceTree = "<group>"; };
		D226051F057CD6BF7ABC1981 /* Signals.swift */ = {isa = PBXFileReference; lastKnownFileType = sourcecode.swift; path = Signals.swift; sourceTree = "<group>"; };
		D8209483BFC56EE588538321 /* SharedStatus.swift */ = {isa = PBXFileReference; lastKnownFileType = sourcecode.swift; path = SharedStatus.swift; sourceTree = "<group>"; };
		DC79747EAD6B7666304AEFCD /* StatusReader.swift */ = {isa = PBXFileReference; lastKnownFileType = sourcecode.swift; path = StatusReader.swift; sourceTree = "<group>"; };
		ECF776AE537352C48AC618BD /* StatusServer.swift */ = {isa = PBXFileReference; lastKnownFileType = sourcecode.swift; path = StatusServer.swift; sourceTree = "<group>"; };
		F0DBA9778D402262A3D57191 /* Theme.swift */ = {isa = PBXFileReference; lastKnownFileType = sourcecode.swift; path = Theme.swift; sourceTree = "<group>"; };
		F406EE6044650C6B9FF4641C /* Models.swift */ = {isa = PBXFileReference; lastKnownFileType = sourcecode.swift; path = Models.swift; sourceTree = "<group>"; };
		F468F308F50583D6C434C201 /* PreviewRender.swift */ = {isa = PBXFileReference; lastKnownFileType = sourcecode.swift; path = PreviewRender.swift; sourceTree = "<group>"; };
		F569CDD2531BB8166C02EF45 /* RefillWidgets.swift */ = {isa = PBXFileReference; lastKnownFileType = sourcecode.swift; path = RefillWidgets.swift; sourceTree = "<group>"; };
		F9AAA40D9D5A424D0442388A /* PreviewIcon.swift */ = {isa = PBXFileReference; lastKnownFileType = sourcecode.swift; path = PreviewIcon.swift; sourceTree = "<group>"; };
		FA0B8A08ED4EB63A175F8F6A /* HistoryStore.swift */ = {isa = PBXFileReference; lastKnownFileType = sourcecode.swift; path = HistoryStore.swift; sourceTree = "<group>"; };
		FC3AFD202A862D81B43A9480 /* NotchShape.swift */ = {isa = PBXFileReference; lastKnownFileType = sourcecode.swift; path = NotchShape.swift; sourceTree = "<group>"; };
/* End PBXFileReference section */

/* Begin PBXFrameworksBuildPhase section */
		7B2EE6E48979BDEF25F0475B /* Frameworks */ = {
			isa = PBXFrameworksBuildPhase;
			buildActionMask = 2147483647;
			files = (
				13F895EAE28F2528D217B65A /* WidgetKit.framework in Frameworks */,
			);
			runOnlyForDeploymentPostprocessing = 0;
		};
		CE04AFF065B817B509253943 /* Frameworks */ = {
			isa = PBXFrameworksBuildPhase;
			buildActionMask = 2147483647;
			files = (
				B547D0460E395669C563E013 /* WidgetKit.framework in Frameworks */,
				675D334563F344F50F23D219 /* SwiftUI.framework in Frameworks */,
			);
			runOnlyForDeploymentPostprocessing = 0;
		};
/* End PBXFrameworksBuildPhase section */

/* Begin PBXGroup section */
		0C7141C9C0FD9EC59FEB4F99 /* Onboarding */ = {
			isa = PBXGroup;
			children = (
				A80C629851DB02CA3C21AE8D /* AccountAdder.swift */,
				8D0CA3696994425CA6F84576 /* OnboardingSteps.swift */,
				438352A73BBF4BA24237113B /* OnboardingSteps2.swift */,
				7D410A3D5F4CD9E4AC2D68D6 /* OnboardingView.swift */,
				95BD5BAA5719BED84BC8CB7C /* QRCode.swift */,
			);
			path = Onboarding;
			sourceTree = "<group>";
		};
		0E943D5761FA2FAE3BA6EAC6 /* Resources */ = {
			isa = PBXGroup;
			children = (
				6A75D91DE417016A3539B00A /* Assets.xcassets */,
			);
			path = Resources;
			sourceTree = "<group>";
		};
		10C33047FAC3B0CE1E396236 /* Sources */ = {
			isa = PBXGroup;
			children = (
				5B0BDB0FE651E628595C79EB /* Refill */,
			);
			path = Sources;
			sourceTree = "<group>";
		};
		32FA24408DA1AD70B04520C9 /* History */ = {
			isa = PBXGroup;
			children = (
				7EFF4F5A104597D801D51B09 /* BurnRate.swift */,
				FA0B8A08ED4EB63A175F8F6A /* HistoryStore.swift */,
				8844531511DC9E99CF474951 /* HistoryView.swift */,
			);
			path = History;
			sourceTree = "<group>";
		};
		5B0BDB0FE651E628595C79EB /* Refill */ = {
			isa = PBXGroup;
			children = (
				1F60036F76AFC7F4739D40F0 /* AppBootstrap.swift */,
				79501254EC24383815943704 /* ClaudeProvider.swift */,
				C9EFD5C9550EBBDF59092D42 /* CodexProvider.swift */,
				A24F9BD23D6C1F82BC28C8F1 /* Dashboard.swift */,
				78771DDC20C311B9A9D70868 /* Hooks.swift */,
				8A1C1E00942E87392841353A /* Integrations.swift */,
				A85F3EB03F43B4D664907A44 /* LoginItem.swift */,
				2A25CC6EAE8839540E1D547B /* Mascot.swift */,
				F406EE6044650C6B9FF4641C /* Models.swift */,
				BE71CB6DCB80F835EEC7D3CD /* Monitor.swift */,
				F9AAA40D9D5A424D0442388A /* PreviewIcon.swift */,
				F468F308F50583D6C434C201 /* PreviewRender.swift */,
				06FD8667A5E8F1067A5309EC /* RefillApp.swift */,
				43E50AC320DA06408251E0F7 /* SettingsView.swift */,
				D226051F057CD6BF7ABC1981 /* Signals.swift */,
				ECF776AE537352C48AC618BD /* StatusServer.swift */,
				F0DBA9778D402262A3D57191 /* Theme.swift */,
				3FD8AA79DCF1649FB5826371 /* Voice.swift */,
				6D22E5D57065486E76ACE008 /* Automation */,
				32FA24408DA1AD70B04520C9 /* History */,
				7367AB75CB895811FA437E85 /* Notch */,
				0C7141C9C0FD9EC59FEB4F99 /* Onboarding */,
				E81BB292ED520414CFD886CA /* Shared */,
			);
			path = Refill;
			sourceTree = "<group>";
		};
		689D2004E7645CA4D64F514E /* Widgets */ = {
			isa = PBXGroup;
			children = (
				F569CDD2531BB8166C02EF45 /* RefillWidgets.swift */,
			);
			path = Widgets;
			sourceTree = "<group>";
		};
		6D22E5D57065486E76ACE008 /* Automation */ = {
			isa = PBXGroup;
			children = (
				79A50903B2DD2BFF34AB0515 /* Intents.swift */,
				DC79747EAD6B7666304AEFCD /* StatusReader.swift */,
				697F3D5FBB5A9080DB1F80A9 /* URLRouter.swift */,
			);
			path = Automation;
			sourceTree = "<group>";
		};
		7367AB75CB895811FA437E85 /* Notch */ = {
			isa = PBXGroup;
			children = (
				6AC608810E756EA5A072D8FE /* NotchController.swift */,
				FC3AFD202A862D81B43A9480 /* NotchShape.swift */,
				3CAD7627EF4B448282A2C309 /* NotchView.swift */,
			);
			path = Notch;
			sourceTree = "<group>";
		};
		A650519E95385AAA80A8BC28 /* Frameworks */ = {
			isa = PBXGroup;
			children = (
				B955C68DAEE8697449C45451 /* SwiftUI.framework */,
				952D292CA573B8A59117ACE3 /* WidgetKit.framework */,
			);
			name = Frameworks;
			sourceTree = "<group>";
		};
		CA982D2DF7CA210C29F81717 /* Products */ = {
			isa = PBXGroup;
			children = (
				11645D97A80FEC0C90D184DF /* Refill.app */,
				AB1BCE79DE765578A34D1386 /* RefillWidgets.appex */,
			);
			name = Products;
			sourceTree = "<group>";
		};
		DD3CB9BE1E6F89E0AD4DACE2 = {
			isa = PBXGroup;
			children = (
				0E943D5761FA2FAE3BA6EAC6 /* Resources */,
				10C33047FAC3B0CE1E396236 /* Sources */,
				689D2004E7645CA4D64F514E /* Widgets */,
				A650519E95385AAA80A8BC28 /* Frameworks */,
				CA982D2DF7CA210C29F81717 /* Products */,
			);
			sourceTree = "<group>";
		};
		E81BB292ED520414CFD886CA /* Shared */ = {
			isa = PBXGroup;
			children = (
				D8209483BFC56EE588538321 /* SharedStatus.swift */,
			);
			path = Shared;
			sourceTree = "<group>";
		};
/* End PBXGroup section */

/* Begin PBXNativeTarget section */
		64ECC301B403461D60630363 /* Refill */ = {
			isa = PBXNativeTarget;
			buildConfigurationList = 7D7270E3812CE928D6CA7104 /* Build configuration list for PBXNativeTarget "Refill" */;
			buildPhases = (
				81CF450C7999F9A8281478A1 /* Sources */,
				73579C2235F2371A3D90BA2B /* Resources */,
				7B2EE6E48979BDEF25F0475B /* Frameworks */,
				A74BB80AECE6840F750C1C43 /* Embed Foundation Extensions */,
			);
			buildRules = (
			);
			dependencies = (
				4BF35042CF03AA0F1BC84E94 /* PBXTargetDependency */,
			);
			name = Refill;
			packageProductDependencies = (
			);
			productName = Refill;
			productReference = 11645D97A80FEC0C90D184DF /* Refill.app */;
			productType = "com.apple.product-type.application";
		};
		F6C4D49FDE5ECA54A9B92B7B /* RefillWidgets */ = {
			isa = PBXNativeTarget;
			buildConfigurationList = AF615AF403E050348F8CCD21 /* Build configuration list for PBXNativeTarget "RefillWidgets" */;
			buildPhases = (
				E55BD47C7B8789E8412B0070 /* Sources */,
				CE04AFF065B817B509253943 /* Frameworks */,
			);
			buildRules = (
			);
			dependencies = (
			);
			name = RefillWidgets;
			packageProductDependencies = (
			);
			productName = RefillWidgets;
			productReference = AB1BCE79DE765578A34D1386 /* RefillWidgets.appex */;
			productType = "com.apple.product-type.app-extension";
		};
/* End PBXNativeTarget section */

/* Begin PBXProject section */
		A94777202E43CC67154D01A2 /* Project object */ = {
			isa = PBXProject;
			attributes = {
				BuildIndependentTargetsInParallel = YES;
				LastUpgradeCheck = 1430;
				TargetAttributes = {
					64ECC301B403461D60630363 = {
						DevelopmentTeam = FW5CYB98R7;
						ProvisioningStyle = Automatic;
					};
					F6C4D49FDE5ECA54A9B92B7B = {
						DevelopmentTeam = FW5CYB98R7;
						ProvisioningStyle = Automatic;
					};
				};
			};
			buildConfigurationList = 9F52CF6CE4FC2654FB77D5B3 /* Build configuration list for PBXProject "Refill" */;
			developmentRegion = en;
			hasScannedForEncodings = 0;
			knownRegions = (
				Base,
				en,
			);
			mainGroup = DD3CB9BE1E6F89E0AD4DACE2;
			minimizedProjectReferenceProxies = 1;
			preferredProjectObjectVersion = 77;
			productRefGroup = CA982D2DF7CA210C29F81717 /* Products */;
			projectDirPath = "";
			projectRoot = "";
			targets = (
				64ECC301B403461D60630363 /* Refill */,
				F6C4D49FDE5ECA54A9B92B7B /* RefillWidgets */,
			);
		};
/* End PBXProject section */

/* Begin PBXResourcesBuildPhase section */
		73579C2235F2371A3D90BA2B /* Resources */ = {
			isa = PBXResourcesBuildPhase;
			buildActionMask = 2147483647;
			files = (
				79884DBEA4AD6EC11BE43F3F /* Assets.xcassets in Resources */,
			);
			runOnlyForDeploymentPostprocessing = 0;
		};
/* End PBXResourcesBuildPhase section */

/* Begin PBXSourcesBuildPhase section */
		81CF450C7999F9A8281478A1 /* Sources */ = {
			isa = PBXSourcesBuildPhase;
			buildActionMask = 2147483647;
			files = (
				8D79254931411B60F1663FF0 /* AccountAdder.swift in Sources */,
				1841248FEB7F4E3D2341035B /* AppBootstrap.swift in Sources */,
				EC60A9B7D0DEB158797E7D7B /* BurnRate.swift in Sources */,
				606C7A9569FDA802371B7572 /* ClaudeProvider.swift in Sources */,
				444912A937F4B76A69FA7BB1 /* CodexProvider.swift in Sources */,
				6A7D92879F4AE28B152F4730 /* Dashboard.swift in Sources */,
				0742ADFFCD481D881597FCCA /* HistoryStore.swift in Sources */,
				885E54A18015E1EF217CA785 /* HistoryView.swift in Sources */,
				A60F8C96884C5247284426C7 /* Hooks.swift in Sources */,
				0825768AF8927CC64712419E /* Integrations.swift in Sources */,
				3741AF423C550F6FEBF9676C /* Intents.swift in Sources */,
				63D14C17F545BC5A4EC2E708 /* LoginItem.swift in Sources */,
				B7939CF7602D721CA2560754 /* Mascot.swift in Sources */,
				D47CE982061A3DC2D9C555A9 /* Models.swift in Sources */,
				9D1170001338A21E1C3A801D /* Monitor.swift in Sources */,
				F22DF313511593651F27F20C /* NotchController.swift in Sources */,
				5D61AB41DE11CA045BD6FE67 /* NotchShape.swift in Sources */,
				1E825AA0856AB10948865AD4 /* NotchView.swift in Sources */,
				DB54CF51D1DDED4F0F928E19 /* OnboardingSteps.swift in Sources */,
				8FD1A109E0ABD0F50275EAAF /* OnboardingSteps2.swift in Sources */,
				DF7EC2D9F0A03696416AE54A /* OnboardingView.swift in Sources */,
				4B2922B89FAF4F0881BA7487 /* PreviewIcon.swift in Sources */,
				40F10EDA168FFDD47FDE41EA /* PreviewRender.swift in Sources */,
				5EC9F86FA58C0D22CC1F92BD /* QRCode.swift in Sources */,
				04C7B162FF22F6EA8E077B2F /* RefillApp.swift in Sources */,
				C68AAE9E3EC0C2A6D8185A7F /* SettingsView.swift in Sources */,
				9DBE0F64207FC9693A617611 /* SharedStatus.swift in Sources */,
				0D8D9EDDDF6A5DBD1EB6A847 /* Signals.swift in Sources */,
				5E40BFC3FDD1ACA63DCC5908 /* StatusReader.swift in Sources */,
				B02C434C50515395384FEB69 /* StatusServer.swift in Sources */,
				FD927DC265C8FA2E91FE14EF /* Theme.swift in Sources */,
				F525FFBBFCA6DAF38D504FD3 /* URLRouter.swift in Sources */,
				8C29E98CCDFEA64150818AD8 /* Voice.swift in Sources */,
			);
			runOnlyForDeploymentPostprocessing = 0;
		};
		E55BD47C7B8789E8412B0070 /* Sources */ = {
			isa = PBXSourcesBuildPhase;
			buildActionMask = 2147483647;
			files = (
				7422580409C2442F8AF5EA34 /* Mascot.swift in Sources */,
				DDB0B62B21CDD33FA5D686A3 /* Models.swift in Sources */,
				AF086B6AD4744D08481D43B5 /* RefillWidgets.swift in Sources */,
				EE3E7693BCDBE1DCDFA548B9 /* SharedStatus.swift in Sources */,
				2A8B74651D5431B15AB47E15 /* Theme.swift in Sources */,
				44C60A058D64E43F7BADC1EE /* Voice.swift in Sources */,
			);
			runOnlyForDeploymentPostprocessing = 0;
		};
/* End PBXSourcesBuildPhase section */

/* Begin PBXTargetDependency section */
		4BF35042CF03AA0F1BC84E94 /* PBXTargetDependency */ = {
			isa = PBXTargetDependency;
			target = F6C4D49FDE5ECA54A9B92B7B /* RefillWidgets */;
			targetProxy = 0FE9DD232094AFC3C5149F7A /* PBXContainerItemProxy */;
		};
/* End PBXTargetDependency section */

/* Begin XCBuildConfiguration section */
		060EBEA318193A12B593EAEC /* Release */ = {
			isa = XCBuildConfiguration;
			buildSettings = {
				ALWAYS_SEARCH_USER_PATHS = NO;
				CLANG_ANALYZER_NONNULL = YES;
				CLANG_ANALYZER_NUMBER_OBJECT_CONVERSION = YES_AGGRESSIVE;
				CLANG_CXX_LANGUAGE_STANDARD = "gnu++14";
				CLANG_CXX_LIBRARY = "libc++";
				CLANG_ENABLE_MODULES = YES;
				CLANG_ENABLE_OBJC_ARC = YES;
				CLANG_ENABLE_OBJC_WEAK = YES;
				CLANG_WARN_BLOCK_CAPTURE_AUTORELEASING = YES;
				CLANG_WARN_BOOL_CONVERSION = YES;
				CLANG_WARN_COMMA = YES;
				CLANG_WARN_CONSTANT_CONVERSION = YES;
				CLANG_WARN_DEPRECATED_OBJC_IMPLEMENTATIONS = YES;
				CLANG_WARN_DIRECT_OBJC_ISA_USAGE = YES_ERROR;
				CLANG_WARN_DOCUMENTATION_COMMENTS = YES;
				CLANG_WARN_EMPTY_BODY = YES;
				CLANG_WARN_ENUM_CONVERSION = YES;
				CLANG_WARN_INFINITE_RECURSION = YES;
				CLANG_WARN_INT_CONVERSION = YES;
				CLANG_WARN_NON_LITERAL_NULL_CONVERSION = YES;
				CLANG_WARN_OBJC_IMPLICIT_RETAIN_SELF = YES;
				CLANG_WARN_OBJC_LITERAL_CONVERSION = YES;
				CLANG_WARN_OBJC_ROOT_CLASS = YES_ERROR;
				CLANG_WARN_QUOTED_INCLUDE_IN_FRAMEWORK_HEADER = YES;
				CLANG_WARN_RANGE_LOOP_ANALYSIS = YES;
				CLANG_WARN_STRICT_PROTOTYPES = YES;
				CLANG_WARN_SUSPICIOUS_MOVE = YES;
				CLANG_WARN_UNGUARDED_AVAILABILITY = YES_AGGRESSIVE;
				CLANG_WARN_UNREACHABLE_CODE = YES;
				CLANG_WARN__DUPLICATE_METHOD_MATCH = YES;
				CODE_SIGN_STYLE = Automatic;
				COPY_PHASE_STRIP = NO;
				CURRENT_PROJECT_VERSION = 1;
				DEBUG_INFORMATION_FORMAT = "dwarf-with-dsym";
				DEVELOPMENT_TEAM = FW5CYB98R7;
				ENABLE_NS_ASSERTIONS = NO;
				ENABLE_STRICT_OBJC_MSGSEND = YES;
				GCC_C_LANGUAGE_STANDARD = gnu11;
				GCC_NO_COMMON_BLOCKS = YES;
				GCC_WARN_64_TO_32_BIT_CONVERSION = YES;
				GCC_WARN_ABOUT_RETURN_TYPE = YES_ERROR;
				GCC_WARN_UNDECLARED_SELECTOR = YES;
				GCC_WARN_UNINITIALIZED_AUTOS = YES_AGGRESSIVE;
				GCC_WARN_UNUSED_FUNCTION = YES;
				GCC_WARN_UNUSED_VARIABLE = YES;
				MACOSX_DEPLOYMENT_TARGET = 14.0;
				MARKETING_VERSION = 0.1.0;
				MTL_ENABLE_DEBUG_INFO = NO;
				MTL_FAST_MATH = YES;
				PRODUCT_NAME = "$(TARGET_NAME)";
				SDKROOT = macosx;
				SWIFT_COMPILATION_MODE = wholemodule;
				SWIFT_OPTIMIZATION_LEVEL = "-O";
				SWIFT_VERSION = 5.0;
			};
			name = Release;
		};
		241390CC47ED50B85456AB16 /* Release */ = {
			isa = XCBuildConfiguration;
			buildSettings = {
				ASSETCATALOG_COMPILER_APPICON_NAME = AppIcon;
				CODE_SIGN_ENTITLEMENTS = Config/Refill.entitlements;
				COMBINE_HIDPI_IMAGES = YES;
				ENABLE_HARDENED_RUNTIME = NO;
				INFOPLIST_FILE = "Config/Refill-Info.plist";
				LD_RUNPATH_SEARCH_PATHS = "$(inherited) @executable_path/../Frameworks";
				PRODUCT_BUNDLE_IDENTIFIER = cz.stepanblaha.refill;
				PRODUCT_NAME = Refill;
				SDKROOT = macosx;
			};
			name = Release;
		};
		347AAB2FBF4D7D94DC3F70D5 /* Debug */ = {
			isa = XCBuildConfiguration;
			buildSettings = {
				ASSETCATALOG_COMPILER_APPICON_NAME = AppIcon;
				CODE_SIGN_ENTITLEMENTS = Config/Refill.entitlements;
				COMBINE_HIDPI_IMAGES = YES;
				ENABLE_HARDENED_RUNTIME = NO;
				INFOPLIST_FILE = "Config/Refill-Info.plist";
				LD_RUNPATH_SEARCH_PATHS = "$(inherited) @executable_path/../Frameworks";
				PRODUCT_BUNDLE_IDENTIFIER = cz.stepanblaha.refill;
				PRODUCT_NAME = Refill;
				SDKROOT = macosx;
			};
			name = Debug;
		};
		99C4E06E338A08225F9D89AD /* Release */ = {
			isa = XCBuildConfiguration;
			buildSettings = {
				CODE_SIGN_ENTITLEMENTS = Config/RefillWidgets.entitlements;
				COMBINE_HIDPI_IMAGES = YES;
				ENABLE_HARDENED_RUNTIME = YES;
				INFOPLIST_FILE = "Config/RefillWidgets-Info.plist";
				LD_RUNPATH_SEARCH_PATHS = "$(inherited) @executable_path/../Frameworks @executable_path/../../../../Frameworks";
				PRODUCT_BUNDLE_IDENTIFIER = cz.stepanblaha.refill.widgets;
				PRODUCT_NAME = RefillWidgets;
				SDKROOT = macosx;
				SKIP_INSTALL = YES;
			};
			name = Release;
		};
		99E9983BBB529D750756FBD8 /* Debug */ = {
			isa = XCBuildConfiguration;
			buildSettings = {
				ALWAYS_SEARCH_USER_PATHS = NO;
				CLANG_ANALYZER_NONNULL = YES;
				CLANG_ANALYZER_NUMBER_OBJECT_CONVERSION = YES_AGGRESSIVE;
				CLANG_CXX_LANGUAGE_STANDARD = "gnu++14";
				CLANG_CXX_LIBRARY = "libc++";
				CLANG_ENABLE_MODULES = YES;
				CLANG_ENABLE_OBJC_ARC = YES;
				CLANG_ENABLE_OBJC_WEAK = YES;
				CLANG_WARN_BLOCK_CAPTURE_AUTORELEASING = YES;
				CLANG_WARN_BOOL_CONVERSION = YES;
				CLANG_WARN_COMMA = YES;
				CLANG_WARN_CONSTANT_CONVERSION = YES;
				CLANG_WARN_DEPRECATED_OBJC_IMPLEMENTATIONS = YES;
				CLANG_WARN_DIRECT_OBJC_ISA_USAGE = YES_ERROR;
				CLANG_WARN_DOCUMENTATION_COMMENTS = YES;
				CLANG_WARN_EMPTY_BODY = YES;
				CLANG_WARN_ENUM_CONVERSION = YES;
				CLANG_WARN_INFINITE_RECURSION = YES;
				CLANG_WARN_INT_CONVERSION = YES;
				CLANG_WARN_NON_LITERAL_NULL_CONVERSION = YES;
				CLANG_WARN_OBJC_IMPLICIT_RETAIN_SELF = YES;
				CLANG_WARN_OBJC_LITERAL_CONVERSION = YES;
				CLANG_WARN_OBJC_ROOT_CLASS = YES_ERROR;
				CLANG_WARN_QUOTED_INCLUDE_IN_FRAMEWORK_HEADER = YES;
				CLANG_WARN_RANGE_LOOP_ANALYSIS = YES;
				CLANG_WARN_STRICT_PROTOTYPES = YES;
				CLANG_WARN_SUSPICIOUS_MOVE = YES;
				CLANG_WARN_UNGUARDED_AVAILABILITY = YES_AGGRESSIVE;
				CLANG_WARN_UNREACHABLE_CODE = YES;
				CLANG_WARN__DUPLICATE_METHOD_MATCH = YES;
				CODE_SIGN_STYLE = Automatic;
				COPY_PHASE_STRIP = NO;
				CURRENT_PROJECT_VERSION = 1;
				DEBUG_INFORMATION_FORMAT = dwarf;
				DEVELOPMENT_TEAM = FW5CYB98R7;
				ENABLE_STRICT_OBJC_MSGSEND = YES;
				ENABLE_TESTABILITY = YES;
				GCC_C_LANGUAGE_STANDARD = gnu11;
				GCC_DYNAMIC_NO_PIC = NO;
				GCC_NO_COMMON_BLOCKS = YES;
				GCC_OPTIMIZATION_LEVEL = 0;
				GCC_PREPROCESSOR_DEFINITIONS = (
					"$(inherited)",
					"DEBUG=1",
				);
				GCC_WARN_64_TO_32_BIT_CONVERSION = YES;
				GCC_WARN_ABOUT_RETURN_TYPE = YES_ERROR;
				GCC_WARN_UNDECLARED_SELECTOR = YES;
				GCC_WARN_UNINITIALIZED_AUTOS = YES_AGGRESSIVE;
				GCC_WARN_UNUSED_FUNCTION = YES;
				GCC_WARN_UNUSED_VARIABLE = YES;
				MACOSX_DEPLOYMENT_TARGET = 14.0;
				MARKETING_VERSION = 0.1.0;
				MTL_ENABLE_DEBUG_INFO = INCLUDE_SOURCE;
				MTL_FAST_MATH = YES;
				ONLY_ACTIVE_ARCH = YES;
				PRODUCT_NAME = "$(TARGET_NAME)";
				SDKROOT = macosx;
				SWIFT_ACTIVE_COMPILATION_CONDITIONS = DEBUG;
				SWIFT_OPTIMIZATION_LEVEL = "-Onone";
				SWIFT_VERSION = 5.0;
			};
			name = Debug;
		};
		EB68B474E7FF1F13EF754286 /* Debug */ = {
			isa = XCBuildConfiguration;
			buildSettings = {
				CODE_SIGN_ENTITLEMENTS = Config/RefillWidgets.entitlements;
				COMBINE_HIDPI_IMAGES = YES;
				ENABLE_HARDENED_RUNTIME = YES;
				INFOPLIST_FILE = "Config/RefillWidgets-Info.plist";
				LD_RUNPATH_SEARCH_PATHS = "$(inherited) @executable_path/../Frameworks @executable_path/../../../../Frameworks";
				PRODUCT_BUNDLE_IDENTIFIER = cz.stepanblaha.refill.widgets;
				PRODUCT_NAME = RefillWidgets;
				SDKROOT = macosx;
				SKIP_INSTALL = YES;
			};
			name = Debug;
		};
/* End XCBuildConfiguration section */

/* Begin XCConfigurationList section */
		7D7270E3812CE928D6CA7104 /* Build configuration list for PBXNativeTarget "Refill" */ = {
			isa = XCConfigurationList;
			buildConfigurations = (
				347AAB2FBF4D7D94DC3F70D5 /* Debug */,
				241390CC47ED50B85456AB16 /* Release */,
			);
			defaultConfigurationIsVisible = 0;
			defaultConfigurationName = Debug;
		};
		9F52CF6CE4FC2654FB77D5B3 /* Build configuration list for PBXProject "Refill" */ = {
			isa = XCConfigurationList;
			buildConfigurations = (
				99E9983BBB529D750756FBD8 /* Debug */,
				060EBEA318193A12B593EAEC /* Release */,
			);
			defaultConfigurationIsVisible = 0;
			defaultConfigurationName = Debug;
		};
		AF615AF403E050348F8CCD21 /* Build configuration list for PBXNativeTarget "RefillWidgets" */ = {
			isa = XCConfigurationList;
			buildConfigurations = (
				EB68B474E7FF1F13EF754286 /* Debug */,
				99C4E06E338A08225F9D89AD /* Release */,
			);
			defaultConfigurationIsVisible = 0;
			defaultConfigurationName = Debug;
		};
/* End XCConfigurationList section */
	};
	rootObject = A94777202E43CC67154D01A2 /* Project object */;
}
